{
  "lockfileVersion": 1,
  "configVersion": 0,
  "packages": {
    "m07-alpha": [
      "m07-alpha@1.1.0",
      "https://example.invalid/m07-alpha-1.1.0.tgz",
      "sha512-m07-alpha-1.1.0"
    ],
    "m07-beta": [
      "m07-beta@2.0.0",
      "https://example.invalid/m07-beta-2.0.0.tgz",
      "sha512-m07-beta-2.0.0"
    ]
  }
}
