# yarn lockfile v1

uuid@^8.3.2:
  version "8.3.2"
  resolved "https://registry.yarnpkg.com/uuid/-/uuid-8.3.2.tgz#80b0e9d11ae981a21a87cbb8b7842ea403a63bfe"
  integrity sha512-+NYs2QeMWy+GWFOEm9xnn6HCDp0l7QBD7ml8zLUmJ+93Q5NF0NocErnwkTkXVFNiX3/fpC6afS8Dhb/gz7R7eg==

tap@^21.7.1:
  version "21.7.1"
  resolved "https://registry.yarnpkg.com/tap/-/tap-21.7.1.tgz#not-a-package-lock"
  integrity sha512-placeholder
